
Microsoft Visual Studio Solution File, Format Version 12.00
# Visual Studio Version 17
VisualStudioVersion = 17.4.33213.308
MinimumVisualStudioVersion = 10.0.40219.1
Project("{FAE04EC0-301F-11D3-BF4B-00C04F79EFBC}") = "Clase 8", "Clase 8\Clase 8.csproj", "{DA273CD1-C41B-4548-AF42-855A30C5C734}"
EndProject
Global
	GlobalSection(SolutionConfigurationPlatforms) = preSolution
		Debug|Any CPU = Debug|Any CPU
		Release|Any CPU = Release|Any CPU
	EndGlobalSection
	GlobalSection(ProjectConfigurationPlatforms) = postSolution
		{DA273CD1-C41B-4548-AF42-855A30C5C734}.Debug|Any CPU.ActiveCfg = Debug|Any CPU
		{DA273CD1-C41B-4548-AF42-855A30C5C734}.Debug|Any CPU.Build.0 = Debug|Any CPU
		{DA273CD1-C41B-4548-AF42-855A30C5C734}.Release|Any CPU.ActiveCfg = Release|Any CPU
		{DA273CD1-C41B-4548-AF42-855A30C5C734}.Release|Any CPU.Build.0 = Release|Any CPU
	EndGlobalSection
	GlobalSection(SolutionProperties) = preSolution
		HideSolutionNode = FALSE
	EndGlobalSection
	GlobalSection(ExtensibilityGlobals) = postSolution
		SolutionGuid = {AC719C4E-72B0-4CB3-AAC3-5B832A0E8CCA}
	EndGlobalSection
EndGlobal
